version = 1
revision = 3
requires-python = ">=3.10, <3.12"

[[package]]
name = "certifi"
version = "2026.7.22"
source = { registry = "https://pypi.org/simple" }
sdist = { url = "https://files.pythonhosted.org/packages/a3/c2/24167ea9858356b47a87a50d39908bfdb72ceeefe0041586e704e5376b3a/certifi-2026.7.22.tar.gz", hash = "sha256:741e2c3b351ddf169a738da9f2c048608ff7f2c5cc02f1ebc6b118bb090d5d55", size = 138112, upload-time = "2026-07-22T03:35:12.644Z" }
wheels = [
    { url = "https://files.pythonhosted.org/packages/0b/a7/71ac2cff56fec219ed242bb11b8efb69fcc4bec75db06fb7bfe35de520e6/certifi-2026.7.22-py3-none-any.whl", hash = "sha256:62f22742b58a1a33014a2b6b706588a8d7e2a88ae7bd1a6ebe8c992928483775", size = 136983, upload-time = "2026-07-22T03:35:11.276Z" },
]

[[package]]
name = "cfgv"
version = "3.5.0"
source = { registry = "https://pypi.org/simple" }
sdist = { url = "https://files.pythonhosted.org/packages/4e/b5/721b8799b04bf9afe054a3899c6cf4e880fcf8563cc71c15610242490a0c/cfgv-3.5.0.tar.gz", hash = "sha256:d5b1034354820651caa73ede66a6294d6e95c1b00acc5e9b098e917404669132", size = 7334, upload-time = "2025-11-19T20:55:51.612Z" }
wheels = [
    { url = "https://files.pythonhosted.org/packages/db/3c/33bac158f8ab7f89b2e59426d5fe2e4f63f7ed25df84c036890172b412b5/cfgv-3.5.0-py2.py3-none-any.whl", hash = "sha256:a8dc6b26ad22ff227d2634a65cb388215ce6cc96bbcc5cfde7641ae87e8dacc0", size = 7445, upload-time = "2025-11-19T20:55:50.744Z" },
]

[[package]]
name = "charset-normalizer"
version = "3.5.1"
source = { registry = "https://pypi.org/simple" }
sdist = { url = "https://files.pythonhosted.org/packages/e5/3f/143b048436775b0f76ac3eec145c019e8173ccc2885c8f20319b996d5e83/charset_normalizer-3.5.1.tar.gz", hash = "sha256:6117b84ea48435e5356dc737f5121485c30920ba43375fa7b434fd753df0eac3", size = 171764, upload-time = "2026-08-15T08:20:44.807Z" }
wheels = [
    { url = "https://files.pythonhosted.org/packages/71/aa/554e2614f38fc34c58ff1d0911ae8535ad2516440d5482d76fe59f1088b0/charset_normalizer-3.5.1-cp310-cp310-macosx_10_9_universal2.whl", hash = "sha256:d1ee1e296209fdce05b81b663250eefa02213a2da7b41bf26f7829b8ba3545aa", size = 369072, upload-time = "2026-08-15T08:16:22.964Z" },
    { url = "https://files.pythonhosted.org/packages/03/6d/439231dfc3ccfa6f8c06477b7da2219cbd41a2de3d49084df8ec7b5100f2/charset_normalizer-3.5.1-cp310-cp310-manylinux2014_aarch64.manylinux_2_17_aarch64.manylinux_2_28_aarch64.whl", hash = "sha256:e9fbdce1e47394b09bc9f26ab117dfc8d6491977a11d86f592bb42c779db2fda", size = 251142, upload-time = "2026-08-15T08:16:24.81Z" },
    { url = "https://files.pythonhosted.org/packages/55/53/7d819bd23a00ef45039146fa2cce1daa2f0771e758c5653ee1f6edac91ed/charset_normalizer-3.5.1-cp310-cp310-manylinux2014_armv7l.manylinux_2_17_armv7l.manylinux_2_31_armv7l.whl", hash = "sha256:00668ebb0609751758682eb0b5857e7c35b9f00e84dfdef062e103244ec94d45", size = 240714, upload-time = "2026-08-15T08:16:26.392Z" },
    { url = "https://files.pythonhosted.org/packages/b2/2c/45847198c16f4b38090cc7423b2b6a9008e438704d8ab413211832498d31/charset_normalizer-3.5.1-cp310-cp310-manylinux2014_ppc64le.manylinux_2_17_ppc64le.manylinux_2_28_ppc64le.whl", hash = "sha256:ba2f37ee79e6338845261a3c5b1784e5d1acdff2c0785b284f1b633033d136ab", size = 279637, upload-time = "2026-08-15T08:16:27.961Z" },
    { url = "https://files.pythonhosted.org/packages/69/2b/d8be3523ddf9f0b0f3e56d1359034aa10653a4d11564c697f802b4775766/charset_normalizer-3.5.1-cp310-cp310-manylinux2014_s390x.manylinux_2_17_s390x.manylinux_2_28_s390x.whl", hash = "sha256:ce854f5f478050ade5a238731c4ca985a7d3b3cb53ff600a9b5c3b689b5f0a7a", size = 276543, upload-time = "2026-08-15T08:16:29.399Z" },
    { url = "https://files.pythonhosted.org/packages/32/cd/4f564b8f132de25db594efc706897069f016790cea63a5669c9df2675f64/charset_normalizer-3.5.1-cp310-cp310-manylinux2014_x86_64.manylinux_2_17_x86_64.manylinux_2_28_x86_64.whl", hash = "sha256:96eefc178f8636b9c760c5829345307fd81cfae9ab1e80997dbddeb0f54ee9a3", size = 261644, upload-time = "2026-08-15T08:16:30.722Z" },
    { url = "https://files.pythonhosted.org/packages/f5/e3/38b975422534a608f98c360e79c2f07c763d66dd4272300d45fb1fee54b0/charset_normalizer-3.5.1-cp310-cp310-manylinux_2_31_riscv64.manylinux_2_39_riscv64.whl", hash = "sha256:366ec70f5547c640d3ce1985722490f23faf4eb5216a7eeba78277490e78dacb", size = 259609, upload-time = "2026-08-15T08:16:32.248Z" },
    { url = "https://files.pythonhosted.org/packages/87/bd/fbc24d825c66f1c74f6ccdea3742c3d8354a4888e86d1315a197fee69061/charset_normalizer-3.5.1-cp310-cp310-musllinux_1_2_aarch64.whl", hash = "sha256:950f23cb393f85543777b0433f082cddd25b51ab398eac7971146495679efe5f", size = 252457, upload-time = "2026-08-15T08:16:33.849Z" },
    { url = "https://files.pythonhosted.org/packages/b9/2d/918d0e98a0e679469ed05bb2d90c2088b4d315bb612969d8499f76fb5210/charset_normalizer-3.5.1-cp310-cp310-musllinux_1_2_armv7l.whl", hash = "sha256:c1dcc36dcb96abc02236e182d17e0f71430152a6c2c7447421da2d2dc144edea", size = 242240, upload-time = "2026-08-15T08:16:35.396Z" },
    { url = "https://files.pythonhosted.org/packages/20/c8/c36f6e0b2dfec351bd38cbc05362697e58bcd073d7dbd95154290c9714ce/charset_normalizer-3.5.1-cp310-cp310-musllinux_1_2_ppc64le.whl", hash = "sha256:07ffd07412fc5d5e84cd8952acf9ff7e4ed7a708e69d1bada19d8ba91711353f", size = 280308, upload-time = "2026-08-15T08:16:36.825Z" },
    { url = "https://files.pythonhosted.org/packages/ca/7b/311b3e02e8c4092400c449c850a760d8c45d900983c83a70cc07208c551d/charset_normalizer-3.5.1-cp310-cp310-musllinux_1_2_riscv64.whl", hash = "sha256:f5542f9b941279d82d41eb0aa9f98eba36fe4df5c7086c651df7944935b37182", size = 258679, upload-time = "2026-08-15T08:16:38.22Z" },
    { url = "https://files.pythonhosted.org/packages/b9/90/082cc45599c392f28c036a497f49e0634041a785fc3849c80ccf396d096f/charset_normalizer-3.5.1-cp310-cp310-musllinux_1_2_s390x.whl", hash = "sha256:a545775cfe815855ea32d7c27731d79da358ef2055b4a25830231b1622dd18aa", size = 277221, upload-time = "2026-08-15T08:16:39.62Z" },
    { url = "https://files.pythonhosted.org/packages/58/ad/b9aecf38d805cbcf84fa94f14c5d972a16561e20296a11dc799a5dcf3763/charset_normalizer-3.5.1-cp310-cp310-musllinux_1_2_x86_64.whl", hash = "sha256:494b70049a4d69aec6e8137c13af4cf8db8c9f9820a1392ac293b0dd2987a818", size = 263799, upload-time = "2026-08-15T08:16:40.885Z" },
    { url = "https://files.pythonhosted.org/packages/b7/23/b38a20598d5a825f85d9d7636860e56ff0db1479f86497a6e485aa9326f7/charset_normalizer-3.5.1-cp310-cp310-win32.whl", hash = "sha256:94fbf1c0c6cc0d3d5e50f9a9313a8cdca90dd696d34b381cd1704f8c9e939f20", size = 182037, upload-time = "2026-08-15T08:16:42.198Z" },
    { url = "https://files.pythonhosted.org/packages/d2/21/83fffb77864408b8bf0fe1ca603926401d6f8775a8e150b39aacc9958f8a/charset_normalizer-3.5.1-cp310-cp310-win_amd64.whl", hash = "sha256:be47f99644b208bff7766314013f9acf57b056b04191d570d68ad14022cf5b1d", size = 206030, upload-time = "2026-08-15T08:16:43.787Z" },
    { url = "https://files.pythonhosted.org/packages/86/2e/b93135b5034b1157fb29554b0d06d4844ce62282f0e0a14036f93d7ee2e7/charset_normalizer-3.5.1-cp310-cp310-win_arm64.whl", hash = "sha256:a6d095662e73e74f0a49988e0593373e243e3a52e27bfeea0a859e88acf4a0f5", size = 185092, upload-time = "2026-08-15T08:16:45.177Z" },
    { url = "https://files.pythonhosted.org/packages/6a/b6/034f6802e9c3f6418966cfabb7db8c9252cc2429c5098f41cc43af804149/charset_normalizer-3.5.1-cp311-cp311-macosx_10_9_universal2.whl", hash = "sha256:eda059b6bc8bc0812d626fd91a7ce01bf583df0a61296eff390fd94141a34e30", size = 363585, upload-time = "2026-08-15T08:16:46.646Z" },
    { url = "https://files.pythonhosted.org/packages/d5/fa/6a7e2a7c4b5451912b8c417732df79574354443592a88d616de03da66ae5/charset_normalizer-3.5.1-cp311-cp311-manylinux2014_aarch64.manylinux_2_17_aarch64.manylinux_2_28_aarch64.whl", hash = "sha256:aa2bb0b37202dca27175591f761108b5d34096ade1191ffe4808bdf6b1571488", size = 251189, upload-time = "2026-08-15T08:16:48.287Z" },
    { url = "https://files.pythonhosted.org/packages/a4/c8/ab42b07cfd82e919f427fcfaa7c41abae8242833ad1aad66d42bae40b669/charset_normalizer-3.5.1-cp311-cp311-manylinux2014_armv7l.manylinux_2_17_armv7l.manylinux_2_31_armv7l.whl", hash = "sha256:0b2b1b3fa5670c127b246df1d0c059defd41f689a868a3b9d79df9b1cac42d22", size = 239724, upload-time = "2026-08-15T08:16:49.67Z" },
    { url = "https://files.pythonhosted.org/packages/e7/80/b9348b5d3041209f98b4cdad7655766369233f1d533f4f4f7558e9717bec/charset_normalizer-3.5.1-cp311-cp311-manylinux2014_ppc64le.manylinux_2_17_ppc64le.manylinux_2_28_ppc64le.whl", hash = "sha256:6e5e4d73d588ca5ed09df1b7dcd1b203d1df3c542e3f50d126c947d432b10731", size = 280078, upload-time = "2026-08-15T08:16:51.228Z" },
    { url = "https://files.pythonhosted.org/packages/82/38/083a24028304bc85bb9e376fed801178423dcbb67495f73b6ea0624e1894/charset_normalizer-3.5.1-cp311-cp311-manylinux2014_s390x.manylinux_2_17_s390x.manylinux_2_28_s390x.whl", hash = "sha256:b54e7e13267d49ffbfe68e25b3cbd774dab38fa37238f71265e91b36146eb21c", size = 276650, upload-time = "2026-08-15T08:16:52.625Z" },
    { url = "https://files.pythonhosted.org/packages/0d/35/731ac04aa0a097fc1c97f0994c375bdb230c6c96619db794208fe664e9ce/charset_normalizer-3.5.1-cp311-cp311-manylinux2014_x86_64.manylinux_2_17_x86_64.manylinux_2_28_x86_64.whl", hash = "sha256:c7b742bf31c88566b4bb6335a7f393bb322e580b6bb98df7bd0c25e6e3519ce8", size = 262325, upload-time = "2026-08-15T08:16:54.085Z" },
    { url = "https://files.pythonhosted.org/packages/f5/28/c2028e7021fb89c6e56868ed0e387b8e9aa811abdd2ab3208d6578d2c930/charset_normalizer-3.5.1-cp311-cp311-manylinux_2_31_riscv64.manylinux_2_39_riscv64.whl", hash = "sha256:6ba32c4d2abf1d2fe7cf27d280f4cca5664233b0f885549c7761719eb977f486", size = 261140, upload-time = "2026-08-15T08:16:55.604Z" },
    { url = "https://files.pythonhosted.org/packages/28/f0/0c0ceec6d98b7daa62e361e418135d59685811d79ba11529aad5cdf15e84/charset_normalizer-3.5.1-cp311-cp311-musllinux_1_2_aarch64.whl", hash = "sha256:0722590aabf9dc6a6c0343d523c05458fa2b5047dbe6302fd526bb570600753f", size = 252791, upload-time = "2026-08-15T08:16:57.103Z" },
    { url = "https://files.pythonhosted.org/packages/f0/3e/48f4cd187b1c33189d86039e9cbe4f92c05454175504b44ff81806d4d1bf/charset_normalizer-3.5.1-cp311-cp311-musllinux_1_2_armv7l.whl", hash = "sha256:aa1099b956fb795e686d073568f6dc002a0bb89765ea6d5b055dd7d9bf1b116c", size = 240730, upload-time = "2026-08-15T08:16:58.418Z" },
    { url = "https://files.pythonhosted.org/packages/42/85/f9e22af69af67c54cce42be9455d9c81294f918b4ccc454db01f66efcac2/charset_normalizer-3.5.1-cp311-cp311-musllinux_1_2_ppc64le.whl", hash = "sha256:bd6c173f04743d483881bffa1478d5a4624475b8cd1d2194956a75548e191c18", size = 280791, upload-time = "2026-08-15T08:16:59.918Z" },
    { url = "https://files.pythonhosted.org/packages/fd/4c/9044135f42127630b6fa742feb51256353f6ab87a78f2fdd1de3de955a7f/charset_normalizer-3.5.1-cp311-cp311-musllinux_1_2_riscv64.whl", hash = "sha256:f298e218441525d3794428b4c8b8fb8662c6d3ea79925d4807ee6b9a96a3bca5", size = 259598, upload-time = "2026-08-15T08:17:01.421Z" },
    { url = "https://files.pythonhosted.org/packages/ba/ed/1dd7cfebb4e75812934c49ca3b79757d11948053f7937ab7070c151f3c55/charset_normalizer-3.5.1-cp311-cp311-musllinux_1_2_s390x.whl", hash = "sha256:6e2912d4babbc65196ac13c2f53468dc57fb8b9c25ef913e8c59ddf7c6dc0e1b", size = 278217, upload-time = "2026-08-15T08:17:02.782Z" },
    { url = "https://files.pythonhosted.org/packages/bf/eb/239c84503cc9e3ba6eb34686a24bc66e84f3924efdd7e38e751a19f6bc10/charset_normalizer-3.5.1-cp311-cp311-musllinux_1_2_x86_64.whl", hash = "sha256:3d27167433c0d5f18dc850f07d0b3816221984fecdc405d6c157a6f0b8f8e9e6", size = 263417, upload-time = "2026-08-15T08:17:04.216Z" },
    { url = "https://files.pythonhosted.org/packages/37/ab/4e4510e1e288478e2c8333131d1c1382382ba8cd2165053c79e39d1da961/charset_normalizer-3.5.1-cp311-cp311-win32.whl", hash = "sha256:ac00177c4831ffa650f8609e4bdddd5fe09c03b1c0c47acece7e6ea20421598b", size = 181774, upload-time = "2026-08-15T08:17:05.58Z" },
    { url = "https://files.pythonhosted.org/packages/e3/57/32f0ccea59e8612057c61d6fd22ef2cb63cca93c9fe594094919696ac170/charset_normalizer-3.5.1-cp311-cp311-win_amd64.whl", hash = "sha256:f9b1e28d0e8dbfa858abdba91d6b547beaf2df1a59bec6da6faae7b96a4991a9", size = 206653, upload-time = "2026-08-15T08:17:07.075Z" },
    { url = "https://files.pythonhosted.org/packages/17/d4/b65c433fc521e58b5f54293982a5e51c05cb5f2dd3f1c7a6acb65b75324e/charset_normalizer-3.5.1-cp311-cp311-win_arm64.whl", hash = "sha256:ae31a1a1db2ee6cc2942fccaf695c934bc7f3db9f2133a3fef1f367cf1a4ab10", size = 185630, upload-time = "2026-08-15T08:17:08.502Z" },
    { url = "https://files.pythonhosted.org/packages/5b/97/fb4e82231aba271ffd775a1b4993b0defc4e3059f286ae41d9433409fe85/charset_normalizer-3.5.1-cp37-abi3-macosx_10_9_universal2.whl", hash = "sha256:41876ee62a3dddf48ff1121ad8f0798032aa03f2fd35f21f34a4cab14f18d8d2", size = 331467, upload-time = "2026-08-15T08:19:50.959Z" },
    { url = "https://files.pythonhosted.org/packages/9f/2f/fe3f187327aac18e2d54e9d2b08e15d27bf9b642d9e51c219f130fc34d1a/charset_normalizer-3.5.1-cp37-abi3-manylinux1_x86_64.manylinux_2_28_x86_64.manylinux_2_5_x86_64.whl", hash = "sha256:a6dac12ff6b846103483683f60c5f8fee205121adc58ffd87e90a90a3af69e99", size = 253057, upload-time = "2026-08-15T08:19:52.654Z" },
    { url = "https://files.pythonhosted.org/packages/d7/c7/9e48cee5c161fe24da823b61bf381921d77cb994a0a4de148e95018c1984/charset_normalizer-3.5.1-cp37-abi3-manylinux2014_aarch64.manylinux_2_17_aarch64.manylinux_2_28_aarch64.whl", hash = "sha256:cee5dd7c6fb5dd52a0fe2a740f9bc6e3593f5f8b1788bde49de02086f30182b2", size = 240930, upload-time = "2026-08-15T08:19:54.163Z" },
    { url = "https://files.pythonhosted.org/packages/49/e0/716601f3cc69be7b198951150c75ead1ece33c3c8036ff6ffa46029659a0/charset_normalizer-3.5.1-cp37-abi3-manylinux2014_armv7l.manylinux_2_17_armv7l.manylinux_2_31_armv7l.whl", hash = "sha256:343fb4f2821043bd87095f7b08a1a181febc8e36ac64212143bbfd0a0e1bc235", size = 230822, upload-time = "2026-08-15T08:19:55.807Z" },
    { url = "https://files.pythonhosted.org/packages/d3/05/71bfc5caa0abcc45aea1f6a4d50ac68e59605ddc7666fe8494f4cd229665/charset_normalizer-3.5.1-cp37-abi3-manylinux2014_ppc64le.manylinux_2_17_ppc64le.manylinux_2_28_ppc64le.whl", hash = "sha256:ae4a097991662cd4fff0ddc74e0fe7874f82e00042fa0ea00855645ed0c79598", size = 260037, upload-time = "2026-08-15T08:19:57.312Z" },
    { url = "https://files.pythonhosted.org/packages/c3/92/de7e32ed05341e7a9c4c877c318418197b7f2d66a3b68d561bf2ac57ca3e/charset_normalizer-3.5.1-cp37-abi3-manylinux2014_s390x.manylinux_2_17_s390x.manylinux_2_28_s390x.whl", hash = "sha256:4b599739b93b2cbeded49645ae3c8d1405c29ddfbceac1545c87a3f9580a9e96", size = 255097, upload-time = "2026-08-15T08:19:59.056Z" },
    { url = "https://files.pythonhosted.org/packages/f5/7b/ade0a122600319dfa0b1000ab0f9731c94a817904cf3c5de408c73a4ede7/charset_normalizer-3.5.1-cp37-abi3-manylinux_2_31_riscv64.manylinux_2_39_riscv64.whl", hash = "sha256:b39b69b347e5e47a3b5b8cfc005c68c1ba347474e3960236c4944a8ecd174962", size = 250166, upload-time = "2026-08-15T08:20:00.612Z" },
    { url = "https://files.pythonhosted.org/packages/75/9c/019fbb9f4834491a160951349b1a3714439376f66e5f7cf18b4f18f0c7aa/charset_normalizer-3.5.1-cp37-abi3-musllinux_1_2_aarch64.whl", hash = "sha256:a2028475ba855475b8b4d3cfeb4994269c967aea8b9892dfba907f4263a863a3", size = 241821, upload-time = "2026-08-15T08:20:02.321Z" },
    { url = "https://files.pythonhosted.org/packages/2b/b8/11d4840bfc99330cc7fbcc2681ee5a044553a6e77655508d8f9b2bff7b34/charset_normalizer-3.5.1-cp37-abi3-musllinux_1_2_armv7l.whl", hash = "sha256:36047af20e17097c3bb9476c2b7655f2f7aa51322c0ba58c07695bedf755a950", size = 232529, upload-time = "2026-08-15T08:20:04.008Z" },
    { url = "https://files.pythonhosted.org/packages/18/96/2b3a21492d9f65171ac75d872f5018260013d00bfa0ff70ec9f179148cbd/charset_normalizer-3.5.1-cp37-abi3-musllinux_1_2_ppc64le.whl", hash = "sha256:4c4fb141a727957c93edfe5c32a26ceb6b5f6461d67146e2d39f51e16170bea8", size = 260348, upload-time = "2026-08-15T08:20:05.877Z" },
    { url = "https://files.pythonhosted.org/packages/d6/aa/a69a2028e8bd052476c245460ab19d7de595de084dd968f2d75cd50c3e25/charset_normalizer-3.5.1-cp37-abi3-musllinux_1_2_riscv64.whl", hash = "sha256:2f293479cce755c75f1697e87c409b7ae4c555c7dfecb6e988ad13abba943031", size = 247234, upload-time = "2026-08-15T08:20:07.487Z" },
    { url = "https://files.pythonhosted.org/packages/35/8a/3d130aeabcaf3d2466af76b7b141c08d9e89c9016ab4b7cdd0f7dc2d1c62/charset_normalizer-3.5.1-cp37-abi3-musllinux_1_2_s390x.whl", hash = "sha256:3588e376b3ea2eea84976f67273d679f229e24c66dce7b82ae45aef04ff6e072", size = 256917, upload-time = "2026-08-15T08:20:09.142Z" },
    { url = "https://files.pythonhosted.org/packages/80/c2/a7379b840292d0c1ab9fbd17d1f3967aa81794dc95bc74be8999d7fedcf7/charset_normalizer-3.5.1-cp37-abi3-musllinux_1_2_x86_64.whl", hash = "sha256:e199fb99720074809a7720f1c0b4d919eea8b87e88713e0f8f602f7bef543d9d", size = 254846, upload-time = "2026-08-15T08:20:10.727Z" },
    { url = "https://files.pythonhosted.org/packages/01/65/d43b714731bb2f40d4053dfa00ecfc1c5a301f8e3316c5db3a09af59fe94/charset_normalizer-3.5.1-cp37-abi3-win32.whl", hash = "sha256:dd732602a7009217f658d5863d12d79d373a4de0eebc111094bcdd3bb8e0a6cc", size = 174216, upload-time = "2026-08-15T08:20:12.334Z" },
    { url = "https://files.pythonhosted.org/packages/35/4f/b911ed898b26a09789eba9c9200c999aff6c61b4bafaf4838e56d1a1e1a3/charset_normalizer-3.5.1-cp37-abi3-win_amd64.whl", hash = "sha256:70055ff39b97c99e7ae40ea3e393fb62aa2e44dbd9b29f8d14f42fb0025c3959", size = 199764, upload-time = "2026-08-15T08:20:13.908Z" },
    { url = "https://files.pythonhosted.org/packages/f0/a7/920baf467bfd9bf689f3b318340f37aee4572a71f162bd8db51da55ba4fa/charset_normalizer-3.5.1-cp37-abi3-win_arm64.whl", hash = "sha256:87e4f41d375c0b9be2fb5251aee4b8a689169e134535aed81bf085c3b647451e", size = 287318, upload-time = "2026-08-15T08:20:15.551Z" },
    { url = "https://files.pythonhosted.org/packages/cc/61/d01fc49b8dea277640b55a9e15960dbca9fdc8c9fde18e572d39c59f4019/charset_normalizer-3.5.1-py3-none-any.whl", hash = "sha256:6df0ec430f9a831772c23ca5a224cba36517a58a84bb32c32bb59a9fa67c47f6", size = 68658, upload-time = "2026-08-15T08:20:43.306Z" },
]

[[package]]
name = "distlib"
version = "0.4.3"
source = { registry = "https://pypi.org/simple" }
sdist = { url = "https://files.pythonhosted.org/packages/c9/02/bd72be9134d25ed783ecbbc38a539ffaefbf90c78418c7fb7229600dbac7/distlib-0.4.3.tar.gz", hash = "sha256:f152097224a0ae24be5a0f6bae1b9359af82133bce63f98a95f86cae1aede9ed", size = 615141, upload-time = "2026-06-12T08:04:52.847Z" }
wheels = [
    { url = "https://files.pythonhosted.org/packages/02/08/9c41fb51ab5b43eb21674aff13df270e8ba6c4b29c8624e328dc7a9482af/distlib-0.4.3-py2.py3-none-any.whl", hash = "sha256:4b0ce306c966eb73bc3a7b6abad017c556dadd92c44701562cd528ac7fde4d5b", size = 470628, upload-time = "2026-06-12T08:04:50.506Z" },
]

[[package]]
name = "filelock"
version = "3.32.5"
source = { registry = "https://pypi.org/simple" }
sdist = { url = "https://files.pythonhosted.org/packages/0a/a0/50c2c0ce5e74d7721bbb1b19a26ebd339aac5878553a6e35308c2f31f935/filelock-3.32.5.tar.gz", hash = "sha256:f6a6a28f743f9b95ce19db5abe0f376f75eb56517dff21e1a4751e2657d3e83d", size = 222838, upload-time = "2026-08-31T18:56:34.729Z" }
wheels = [
    { url = "https://files.pythonhosted.org/packages/36/d2/b70a31e13d04456d28493f31d2aa087e99eeb2767ef0293b2625727ccb8c/filelock-3.32.5-py3-none-any.whl", hash = "sha256:142cd9fa77a872c5e78c62329a0d15278fadc686eb89e760017968961a4fd6b2", size = 100003, upload-time = "2026-08-31T18:56:33.078Z" },
]

[[package]]
name = "identify"
version = "2.6.19"
source = { registry = "https://pypi.org/simple" }
sdist = { url = "https://files.pythonhosted.org/packages/52/63/51723b5f116cc04b061cb6f5a561790abf249d25931d515cd375e063e0f4/identify-2.6.19.tar.gz", hash = "sha256:6be5020c38fcb07da56c53733538a3081ea5aa70d36a156f83044bfbf9173842", size = 99567, upload-time = "2026-04-17T18:39:50.265Z" }
wheels = [
    { url = "https://files.pythonhosted.org/packages/94/84/d9273cd09688070a6523c4aee4663a8538721b2b755c4962aafae0011e72/identify-2.6.19-py2.py3-none-any.whl", hash = "sha256:20e6a87f786f768c092a721ad107fc9df0eb89347be9396cadf3f4abbd1fb78a", size = 99397, upload-time = "2026-04-17T18:39:49.221Z" },
]

[[package]]
name = "idna"
version = "3.19"
source = { registry = "https://pypi.org/simple" }
sdist = { url = "https://files.pythonhosted.org/packages/5f/f7/abb373e5757eaec4b922b92f97ec8d6d7e057cf06778247604fbc4e7c3f3/idna-3.19.tar.gz", hash = "sha256:5e0811a4383b21dc5838069f801c4fb62113b7447663d2530d2bd6e77b49bf15", size = 215237, upload-time = "2026-08-18T05:14:24.27Z" }
wheels = [
    { url = "https://files.pythonhosted.org/packages/57/b0/0e52c878c53f245edd3a11020f20979b3f490f245af532c7cae3027754b5/idna-3.19-py3-none-any.whl", hash = "sha256:815e7be7a7806d54abb586dc943addc79e8b2ee16915059658cbeff4b1b43bf4", size = 68550, upload-time = "2026-08-18T05:14:22.343Z" },
]

[[package]]
name = "nodeenv"
version = "1.10.0"
source = { registry = "https://pypi.org/simple" }
sdist = { url = "https://files.pythonhosted.org/packages/24/bf/d1bda4f6168e0b2e9e5958945e01910052158313224ada5ce1fb2e1113b8/nodeenv-1.10.0.tar.gz", hash = "sha256:996c191ad80897d076bdfba80a41994c2b47c68e224c542b48feba42ba00f8bb", size = 55611, upload-time = "2025-12-20T14:08:54.006Z" }
wheels = [
    { url = "https://files.pythonhosted.org/packages/88/b2/d0896bdcdc8d28a7fc5717c305f1a861c26e18c05047949fb371034d98bd/nodeenv-1.10.0-py2.py3-none-any.whl", hash = "sha256:5bb13e3eed2923615535339b3c620e76779af4cb4c6a90deccc9e36b274d3827", size = 23438, upload-time = "2025-12-20T14:08:52.782Z" },
]

[[package]]
name = "platformdirs"
version = "4.11.7"
source = { registry = "https://pypi.org/simple" }
sdist = { url = "https://files.pythonhosted.org/packages/69/b7/802a56eca9f2fac455b8bab5375a2647b0f0e14a2cd63ef077de3c4a7658/platformdirs-4.11.7.tar.gz", hash = "sha256:4f41487eeeeeb07f3a6625e61d9bc0ae6809f92d3386dbd74392fbb76108104d", size = 35127, upload-time = "2026-09-01T13:35:10.502Z" }
wheels = [
    { url = "https://files.pythonhosted.org/packages/27/6e/80993e10a0482f630cef528635789233224f36b1ffd11592aa15d13ff9ce/platformdirs-4.11.7-py3-none-any.whl", hash = "sha256:8a02cb259042c79d1cd0450facc2fe6dc9d303ae7901afbe33bf8ea0b188cef6", size = 23938, upload-time = "2026-09-01T13:35:09.02Z" },
]

[[package]]
name = "ply"
version = "3.11"
source = { registry = "https://pypi.org/simple" }
sdist = { url = "https://files.pythonhosted.org/packages/e5/69/882ee5c9d017149285cab114ebeab373308ef0f874fcdac9beb90e0ac4da/ply-3.11.tar.gz", hash = "sha256:00c7c1aaa88358b9c765b6d3000c6eec0ba42abca5351b095321aef446081da3", size = 159130, upload-time = "2018-02-15T19:01:31.097Z" }
wheels = [
    { url = "https://files.pythonhosted.org/packages/a3/58/35da89ee790598a0700ea49b2a66594140f44dec458c07e8e3d4979137fc/ply-3.11-py2.py3-none-any.whl", hash = "sha256:096f9b8350b65ebd2fd1346b12452efe5b9607f7482813ffca50c22722a807ce", size = 49567, upload-time = "2018-02-15T19:01:27.172Z" },
]

[[package]]
name = "pre-commit"
version = "4.6.2"
source = { registry = "https://pypi.org/simple" }
dependencies = [
    { name = "cfgv" },
    { name = "identify" },
    { name = "nodeenv" },
    { name = "pyyaml" },
    { name = "virtualenv" },
]
sdist = { url = "https://files.pythonhosted.org/packages/74/89/1f3e8e1fc3e97de0fa963495832f581f025f29471602a309e48808244292/pre_commit-4.6.2.tar.gz", hash = "sha256:8f5d7bfb021ecdbcd9d49d89847082dd24172ccde534390081a679ad046e2441", size = 198670, upload-time = "2026-08-10T22:07:18.421Z" }
wheels = [
    { url = "https://files.pythonhosted.org/packages/45/e2/bbb7129c9e7999a6b8ee9cca3b66486c25c423ab5a75f34071798b74ce94/pre_commit-4.6.2-py2.py3-none-any.whl", hash = "sha256:e2dde9a75d3bce11bd3831c26d134df00a2803c1d818be6a0383c3dcda25dc4e", size = 226202, upload-time = "2026-08-10T22:07:16.942Z" },
]

[[package]]
name = "pysnmp-mibs"
version = "1.19.0"
source = { virtual = "." }
dependencies = [
    { name = "pysnmp-pysmi" },
    { name = "pyyaml" },
]

[package.dev-dependencies]
dev = [
    { name = "pre-commit" },
]

[package.metadata]
requires-dist = [
    { name = "pysnmp-pysmi", specifier = ">=2.3.0,<3" },
    { name = "pyyaml", specifier = "!=6.0.0" },
]

[package.metadata.requires-dev]
dev = [{ name = "pre-commit", specifier = ">=4.6.2,<5" }]

[[package]]
name = "pysnmp-pysmi"
version = "2.3.0"
source = { registry = "https://pypi.org/simple" }
dependencies = [
    { name = "ply" },
    { name = "requests" },
]
sdist = { url = "https://files.pythonhosted.org/packages/a7/1f/a12894cb260e4e4abc16126997d925f80e927f69d3360a94f06a4f4519f2/pysnmp_pysmi-2.3.0.tar.gz", hash = "sha256:9808f9dfb95d25a4dc9af936d755426e1584601c2e4b097ad3cb2955895f143e", size = 2630836, upload-time = "2026-09-06T18:58:13.576Z" }
wheels = [
    { url = "https://files.pythonhosted.org/packages/69/d4/a76de32f351a168c7a563b66e200b48f826bceffe56dad713526933e7b36/pysnmp_pysmi-2.3.0-py3-none-any.whl", hash = "sha256:4bbba0ae590e058bdcb6a079d6ea12653cba0db357aab336b6f80125fe4aae2e", size = 3729538, upload-time = "2026-09-06T18:58:11.591Z" },
]

[[package]]
name = "python-discovery"
version = "1.6.0"
source = { registry = "https://pypi.org/simple" }
dependencies = [
    { name = "filelock" },
]
sdist = { url = "https://files.pythonhosted.org/packages/91/96/0f93e27c9f60a650838f2118159aa115fd5732c0716247917b7ba7ede665/python_discovery-1.6.0.tar.gz", hash = "sha256:6393b4eae1be8b2182670635e7baff89ac21cb9f8e86fd1ff40c7b1144febb4c", size = 82849, upload-time = "2026-08-28T17:30:02.366Z" }
wheels = [
    { url = "https://files.pythonhosted.org/packages/43/5e/21abf578182fb15006a57faf3711a1e659e29d600d19b6e557eae908c81d/python_discovery-1.6.0-py3-none-any.whl", hash = "sha256:d4e244cf17b8b29819ed78003d55fbacf86eda23425b075454fff9271b79377a", size = 38451, upload-time = "2026-08-28T17:30:01.236Z" },
]

[[package]]
name = "pyyaml"
version = "6.0.3"
source = { registry = "https://pypi.org/simple" }
sdist = { url = "https://files.pythonhosted.org/packages/05/8e/961c0007c59b8dd7729d542c61a4d537767a59645b82a0b521206e1e25c2/pyyaml-6.0.3.tar.gz", hash = "sha256:d76623373421df22fb4cf8817020cbb7ef15c725b9d5e45f17e189bfc384190f", size = 130960, upload-time = "2025-09-25T21:33:16.546Z" }
wheels = [
    { url = "https://files.pythonhosted.org/packages/f4/a0/39350dd17dd6d6c6507025c0e53aef67a9293a6d37d3511f23ea510d5800/pyyaml-6.0.3-cp310-cp310-macosx_10_13_x86_64.whl", hash = "sha256:214ed4befebe12df36bcc8bc2b64b396ca31be9304b8f59e25c11cf94a4c033b", size = 184227, upload-time = "2025-09-25T21:31:46.04Z" },
    { url = "https://files.pythonhosted.org/packages/05/14/52d505b5c59ce73244f59c7a50ecf47093ce4765f116cdb98286a71eeca2/pyyaml-6.0.3-cp310-cp310-macosx_11_0_arm64.whl", hash = "sha256:02ea2dfa234451bbb8772601d7b8e426c2bfa197136796224e50e35a78777956", size = 174019, upload-time = "2025-09-25T21:31:47.706Z" },
    { url = "https://files.pythonhosted.org/packages/43/f7/0e6a5ae5599c838c696adb4e6330a59f463265bfa1e116cfd1fbb0abaaae/pyyaml-6.0.3-cp310-cp310-manylinux2014_aarch64.manylinux_2_17_aarch64.manylinux_2_28_aarch64.whl", hash = "sha256:b30236e45cf30d2b8e7b3e85881719e98507abed1011bf463a8fa23e9c3e98a8", size = 740646, upload-time = "2025-09-25T21:31:49.21Z" },
    { url = "https://files.pythonhosted.org/packages/2f/3a/61b9db1d28f00f8fd0ae760459a5c4bf1b941baf714e207b6eb0657d2578/pyyaml-6.0.3-cp310-cp310-manylinux2014_s390x.manylinux_2_17_s390x.manylinux_2_28_s390x.whl", hash = "sha256:66291b10affd76d76f54fad28e22e51719ef9ba22b29e1d7d03d6777a9174198", size = 840793, upload-time = "2025-09-25T21:31:50.735Z" },
    { url = "https://files.pythonhosted.org/packages/7a/1e/7acc4f0e74c4b3d9531e24739e0ab832a5edf40e64fbae1a9c01941cabd7/pyyaml-6.0.3-cp310-cp310-manylinux2014_x86_64.manylinux_2_17_x86_64.manylinux_2_28_x86_64.whl", hash = "sha256:9c7708761fccb9397fe64bbc0395abcae8c4bf7b0eac081e12b809bf47700d0b", size = 770293, upload-time = "2025-09-25T21:31:51.828Z" },
    { url = "https://files.pythonhosted.org/packages/8b/ef/abd085f06853af0cd59fa5f913d61a8eab65d7639ff2a658d18a25d6a89d/pyyaml-6.0.3-cp310-cp310-musllinux_1_2_aarch64.whl", hash = "sha256:418cf3f2111bc80e0933b2cd8cd04f286338bb88bdc7bc8e6dd775ebde60b5e0", size = 732872, upload-time = "2025-09-25T21:31:53.282Z" },
    { url = "https://files.pythonhosted.org/packages/1f/15/2bc9c8faf6450a8b3c9fc5448ed869c599c0a74ba2669772b1f3a0040180/pyyaml-6.0.3-cp310-cp310-musllinux_1_2_x86_64.whl", hash = "sha256:5e0b74767e5f8c593e8c9b5912019159ed0533c70051e9cce3e8b6aa699fcd69", size = 758828, upload-time = "2025-09-25T21:31:54.807Z" },
    { url = "https://files.pythonhosted.org/packages/a3/00/531e92e88c00f4333ce359e50c19b8d1de9fe8d581b1534e35ccfbc5f393/pyyaml-6.0.3-cp310-cp310-win32.whl", hash = "sha256:28c8d926f98f432f88adc23edf2e6d4921ac26fb084b028c733d01868d19007e", size = 142415, upload-time = "2025-09-25T21:31:55.885Z" },
    { url = "https://files.pythonhosted.org/packages/2a/fa/926c003379b19fca39dd4634818b00dec6c62d87faf628d1394e137354d4/pyyaml-6.0.3-cp310-cp310-win_amd64.whl", hash = "sha256:bdb2c67c6c1390b63c6ff89f210c8fd09d9a1217a465701eac7316313c915e4c", size = 158561, upload-time = "2025-09-25T21:31:57.406Z" },
    { url = "https://files.pythonhosted.org/packages/6d/16/a95b6757765b7b031c9374925bb718d55e0a9ba8a1b6a12d25962ea44347/pyyaml-6.0.3-cp311-cp311-macosx_10_13_x86_64.whl", hash = "sha256:44edc647873928551a01e7a563d7452ccdebee747728c1080d881d68af7b997e", size = 185826, upload-time = "2025-09-25T21:31:58.655Z" },
    { url = "https://files.pythonhosted.org/packages/16/19/13de8e4377ed53079ee996e1ab0a9c33ec2faf808a4647b7b4c0d46dd239/pyyaml-6.0.3-cp311-cp311-macosx_11_0_arm64.whl", hash = "sha256:652cb6edd41e718550aad172851962662ff2681490a8a711af6a4d288dd96824", size = 175577, upload-time = "2025-09-25T21:32:00.088Z" },
    { url = "https://files.pythonhosted.org/packages/0c/62/d2eb46264d4b157dae1275b573017abec435397aa59cbcdab6fc978a8af4/pyyaml-6.0.3-cp311-cp311-manylinux2014_aarch64.manylinux_2_17_aarch64.manylinux_2_28_aarch64.whl", hash = "sha256:10892704fc220243f5305762e276552a0395f7beb4dbf9b14ec8fd43b57f126c", size = 775556, upload-time = "2025-09-25T21:32:01.31Z" },
    { url = "https://files.pythonhosted.org/packages/10/cb/16c3f2cf3266edd25aaa00d6c4350381c8b012ed6f5276675b9eba8d9ff4/pyyaml-6.0.3-cp311-cp311-manylinux2014_s390x.manylinux_2_17_s390x.manylinux_2_28_s390x.whl", hash = "sha256:850774a7879607d3a6f50d36d04f00ee69e7fc816450e5f7e58d7f17f1ae5c00", size = 882114, upload-time = "2025-09-25T21:32:03.376Z" },
    { url = "https://files.pythonhosted.org/packages/71/60/917329f640924b18ff085ab889a11c763e0b573da888e8404ff486657602/pyyaml-6.0.3-cp311-cp311-manylinux2014_x86_64.manylinux_2_17_x86_64.manylinux_2_28_x86_64.whl", hash = "sha256:b8bb0864c5a28024fac8a632c443c87c5aa6f215c0b126c449ae1a150412f31d", size = 806638, upload-time = "2025-09-25T21:32:04.553Z" },
    { url = "https://files.pythonhosted.org/packages/dd/6f/529b0f316a9fd167281a6c3826b5583e6192dba792dd55e3203d3f8e655a/pyyaml-6.0.3-cp311-cp311-musllinux_1_2_aarch64.whl", hash = "sha256:1d37d57ad971609cf3c53ba6a7e365e40660e3be0e5175fa9f2365a379d6095a", size = 767463, upload-time = "2025-09-25T21:32:06.152Z" },
    { url = "https://files.pythonhosted.org/packages/f2/6a/b627b4e0c1dd03718543519ffb2f1deea4a1e6d42fbab8021936a4d22589/pyyaml-6.0.3-cp311-cp311-musllinux_1_2_x86_64.whl", hash = "sha256:37503bfbfc9d2c40b344d06b2199cf0e96e97957ab1c1b546fd4f87e53e5d3e4", size = 794986, upload-time = "2025-09-25T21:32:07.367Z" },
    { url = "https://files.pythonhosted.org/packages/45/91/47a6e1c42d9ee337c4839208f30d9f09caa9f720ec7582917b264defc875/pyyaml-6.0.3-cp311-cp311-win32.whl", hash = "sha256:8098f252adfa6c80ab48096053f512f2321f0b998f98150cea9bd23d83e1467b", size = 142543, upload-time = "2025-09-25T21:32:08.95Z" },
    { url = "https://files.pythonhosted.org/packages/da/e3/ea007450a105ae919a72393cb06f122f288ef60bba2dc64b26e2646fa315/pyyaml-6.0.3-cp311-cp311-win_amd64.whl", hash = "sha256:9f3bfb4965eb874431221a3ff3fdcddc7e74e3b07799e0e84ca4a0f867d449bf", size = 158763, upload-time = "2025-09-25T21:32:09.96Z" },
]

[[package]]
name = "requests"
version = "2.34.2"
source = { registry = "https://pypi.org/simple" }
dependencies = [
    { name = "certifi" },
    { name = "charset-normalizer" },
    { name = "idna" },
    { name = "urllib3" },
]
sdist = { url = "https://files.pythonhosted.org/packages/ac/c3/e2a2b89f2d3e2179abd6d00ebd70bff6273f37fb3e0cc209f48b39d00cbf/requests-2.34.2.tar.gz", hash = "sha256:f288924cae4e29463698d6d60bc6a4da69c89185ad1e0bcc4104f584e960b9ed", size = 142856, upload-time = "2026-05-14T19:25:27.735Z" }
wheels = [
    { url = "https://files.pythonhosted.org/packages/a0/f4/c67b0b3f1b9245e8d266f0f112c500d50e5b4e83cb6f3b71b6528104182a/requests-2.34.2-py3-none-any.whl", hash = "sha256:2a0d60c172f83ac6ab31e4554906c0f3b3588d37b5cb939b1c061f4907e278e0", size = 73075, upload-time = "2026-05-14T19:25:26.443Z" },
]

[[package]]
name = "typing-extensions"
version = "4.16.0"
source = { registry = "https://pypi.org/simple" }
sdist = { url = "https://files.pythonhosted.org/packages/f6/cc/6253133b5bb138fc3306cebfbda2c520f545d36b5be2c7255cc528bb45d6/typing_extensions-4.16.0.tar.gz", hash = "sha256:dc983d19a509c94dba722ee6abd33940f7c05a89e243c47e907eb4db6f1a43e5", size = 113555, upload-time = "2026-07-02T08:40:05.92Z" }
wheels = [
    { url = "https://files.pythonhosted.org/packages/49/d3/b8441a820a491ddfc024b0b0cf0393375b75ea13866d9c66727e54c2fc80/typing_extensions-4.16.0-py3-none-any.whl", hash = "sha256:481caa481374e813c1b176ada14e97f1f67a4539ce9cfeb3f350d78d6370c2e8", size = 45571, upload-time = "2026-07-02T08:40:04.659Z" },
]

[[package]]
name = "urllib3"
version = "2.7.0"
source = { registry = "https://pypi.org/simple" }
sdist = { url = "https://files.pythonhosted.org/packages/53/0c/06f8b233b8fd13b9e5ee11424ef85419ba0d8ba0b3138bf360be2ff56953/urllib3-2.7.0.tar.gz", hash = "sha256:231e0ec3b63ceb14667c67be60f2f2c40a518cb38b03af60abc813da26505f4c", size = 433602, upload-time = "2026-05-07T16:13:18.596Z" }
wheels = [
    { url = "https://files.pythonhosted.org/packages/7f/3e/5db95bcf282c52709639744ca2a8b149baccf648e39c8cc87553df9eae0c/urllib3-2.7.0-py3-none-any.whl", hash = "sha256:9fb4c81ebbb1ce9531cce37674bbc6f1360472bc18ca9a553ede278ef7276897", size = 131087, upload-time = "2026-05-07T16:13:17.151Z" },
]

[[package]]
name = "virtualenv"
version = "21.7.8"
source = { registry = "https://pypi.org/simple" }
dependencies = [
    { name = "distlib" },
    { name = "filelock" },
    { name = "platformdirs" },
    { name = "python-discovery" },
    { name = "typing-extensions", marker = "python_full_version < '3.11'" },
]
sdist = { url = "https://files.pythonhosted.org/packages/08/1c/69faa2e6a83484e2a8227bce5cfaa183941c5720f99c48f204931d286b07/virtualenv-21.7.8.tar.gz", hash = "sha256:1dc49c790072a9072cb1803f9bd62aa69cd583077cada32390f75505cdc64c9b", size = 5347580, upload-time = "2026-09-01T13:36:13.894Z" }
wheels = [
    { url = "https://files.pythonhosted.org/packages/9f/34/88d507d4a4030fa559788de9c690a214f9a4053aa1d91cfb60e9b36127c2/virtualenv-21.7.8-py3-none-any.whl", hash = "sha256:3040eb3cbf5d32b10ffd57d167e6a162237ad82ba7d8cf1400a1efed593d85ac", size = 5324617, upload-time = "2026-09-01T13:36:11.248Z" },
]
